// !$*UTF8*$!
{
	archiveVersion = 1;
	classes = {
	};
	objectVersion = 56;
	objects = {

/* Begin PBXBuildFile section */
		CA5EDF052B6D9BB40012BC31 /* AnonymousNotesApp.swift in Sources */ = {isa = PBXBuildFile; fileRef = CA5EDF042B6D9BB40012BC31 /* AnonymousNotesApp.swift */; };
		CA5EDF072B6D9BB40012BC31 /* ContentView.swift in Sources */ = {isa = PBXBuildFile; fileRef = CA5EDF062B6D9BB40012BC31 /* ContentView.swift */; };
		CA5EDF092B6D9BB50012BC31 /* Assets.xcassets in Resources */ = {isa = PBXBuildFile; fileRef = CA5EDF082B6D9BB50012BC31 /* Assets.xcassets */; };
		CA5EDF0C2B6D9BB50012BC31 /* Preview Assets.xcassets in Resources */ = {isa = PBXBuildFile; fileRef = CA5EDF0B2B6D9BB50012BC31 /* Preview Assets.xcassets */; };
		CA5EDF162B6D9BB50012BC31 /* AnonymousNotesTests.swift in Sources */ = {isa = PBXBuildFile; fileRef = CA5EDF152B6D9BB50012BC31 /* AnonymousNotesTests.swift */; };
		CA5EDF202B6D9BB50012BC31 /* AnonymousNotesUITests.swift in Sources */ = {isa = PBXBuildFile; fileRef = CA5EDF1F2B6D9BB50012BC31 /* AnonymousNotesUITests.swift */; };
		CA5EDF222B6D9BB50012BC31 /* AnonymousNotesUITestsLaunchTests.swift in Sources */ = {isa = PBXBuildFile; fileRef = CA5EDF212B6D9BB50012BC31 /* AnonymousNotesUITestsLaunchTests.swift */; };
		CA5EDF312B6F028D0012BC31 /* Button.swift in Sources */ = {isa = PBXBuildFile; fileRef = CA5EDF302B6F028D0012BC31 /* Button.swift */; };
		CA5EDF392B6F05D20012BC31 /* ClashDisplay-Medium.otf in Resources */ = {isa = PBXBuildFile; fileRef = CA5EDF332B6F05D10012BC31 /* ClashDisplay-Medium.otf */; };
		CA5EDF3A2B6F05D20012BC31 /* ClashDisplay-Regular.otf in Resources */ = {isa = PBXBuildFile; fileRef = CA5EDF342B6F05D10012BC31 /* ClashDisplay-Regular.otf */; };
		CA5EDF3B2B6F05D20012BC31 /* ClashDisplay-Semibold.otf in Resources */ = {isa = PBXBuildFile; fileRef = CA5EDF352B6F05D10012BC31 /* ClashDisplay-Semibold.otf */; };
		CA5EDF3C2B6F05D20012BC31 /* ClashDisplay-Bold.otf in Resources */ = {isa = PBXBuildFile; fileRef = CA5EDF362B6F05D10012BC31 /* ClashDisplay-Bold.otf */; };
		CA5EDF3D2B6F05D20012BC31 /* ClashDisplay-Extralight.otf in Resources */ = {isa = PBXBuildFile; fileRef = CA5EDF372B6F05D10012BC31 /* ClashDisplay-Extralight.otf */; };
		CA5EDF3E2B6F05D20012BC31 /* ClashDisplay-Light.otf in Resources */ = {isa = PBXBuildFile; fileRef = CA5EDF382B6F05D20012BC31 /* ClashDisplay-Light.otf */; };
		CA5EDF422B6F09560012BC31 /* topSentence.swift in Sources */ = {isa = PBXBuildFile; fileRef = CA5EDF412B6F09560012BC31 /* topSentence.swift */; };
		CA5EDF442B6F0FB80012BC31 /* TypingText.swift in Sources */ = {isa = PBXBuildFile; fileRef = CA5EDF432B6F0FB80012BC31 /* TypingText.swift */; };
		CA5EDF462B6F1B270012BC31 /* postsView.swift in Sources */ = {isa = PBXBuildFile; fileRef = CA5EDF452B6F1B260012BC31 /* postsView.swift */; };
		CA5EDF4B2B6FBDC90012BC31 /* Supabase.swift in Sources */ = {isa = PBXBuildFile; fileRef = CA5EDF4A2B6FBDC90012BC31 /* Supabase.swift */; };
		CA5EDF4D2B6FBFB60012BC31 /* Auth in Frameworks */ = {isa = PBXBuildFile; productRef = CA5EDF4C2B6FBFB60012BC31 /* Auth */; };
		CA5EDF4F2B6FBFB60012BC31 /* Functions in Frameworks */ = {isa = PBXBuildFile; productRef = CA5EDF4E2B6FBFB60012BC31 /* Functions */; };
		CA5EDF512B6FBFB60012BC31 /* PostgREST in Frameworks */ = {isa = PBXBuildFile; productRef = CA5EDF502B6FBFB60012BC31 /* PostgREST */; };
		CA5EDF532B6FBFB60012BC31 /* Realtime in Frameworks */ = {isa = PBXBuildFile; productRef = CA5EDF522B6FBFB60012BC31 /* Realtime */; };
		CA5EDF552B6FBFB60012BC31 /* Storage in Frameworks */ = {isa = PBXBuildFile; productRef = CA5EDF542B6FBFB60012BC31 /* Storage */; };
		CA5EDF572B6FBFB60012BC31 /* Supabase in Frameworks */ = {isa = PBXBuildFile; productRef = CA5EDF562B6FBFB60012BC31 /* Supabase */; };
/* End PBXBuildFile section */

/* Begin PBXContainerItemProxy section */
		CA5EDF122B6D9BB50012BC31 /* PBXContainerItemProxy */ = {
			isa = PBXContainerItemProxy;
			containerPortal = CA5EDEF92B6D9BB40012BC31 /* Project object */;
			proxyType = 1;
			remoteGlobalIDString = CA5EDF002B6D9BB40012BC31;
			remoteInfo = AnonymousNotes;
		};
		CA5EDF1C2B6D9BB50012BC31 /* PBXContainerItemProxy */ = {
			isa = PBXContainerItemProxy;
			containerPortal = CA5EDEF92B6D9BB40012BC31 /* Project object */;
			proxyType = 1;
			remoteGlobalIDString = CA5EDF002B6D9BB40012BC31;
			remoteInfo = AnonymousNotes;
		};
/* End PBXContainerItemProxy section */

/* Begin PBXFileReference section */
		CA5EDF012B6D9BB40012BC31 /* AnonymousNotes.app */ = {isa = PBXFileReference; explicitFileType = wrapper.application; includeInIndex = 0; path = AnonymousNotes.app; sourceTree = BUILT_PRODUCTS_DIR; };
		CA5EDF042B6D9BB40012BC31 /* AnonymousNotesApp.swift */ = {isa = PBXFileReference; lastKnownFileType = sourcecode.swift; path = AnonymousNotesApp.swift; sourceTree = "<group>"; };
		CA5EDF062B6D9BB40012BC31 /* ContentView.swift */ = {isa = PBXFileReference; lastKnownFileType = sourcecode.swift; path = ContentView.swift; sourceTree = "<group>"; };
		CA5EDF082B6D9BB50012BC31 /* Assets.xcassets */ = {isa = PBXFileReference; lastKnownFileType = folder.assetcatalog; path = Assets.xcassets; sourceTree = "<group>"; };
		CA5EDF0B2B6D9BB50012BC31 /* Preview Assets.xcassets */ = {isa = PBXFileReference; lastKnownFileType = folder.assetcatalog; path = "Preview Assets.xcassets"; sourceTree = "<group>"; };
		CA5EDF112B6D9BB50012BC31 /* AnonymousNotesTests.xctest */ = {isa = PBXFileReference; explicitFileType = wrapper.cfbundle; includeInIndex = 0; path = AnonymousNotesTests.xctest; sourceTree = BUILT_PRODUCTS_DIR; };
		CA5EDF152B6D9BB50012BC31 /* AnonymousNotesTests.swift */ = {isa = PBXFileReference; lastKnownFileType = sourcecode.swift; path = AnonymousNotesTests.swift; sourceTree = "<group>"; };
		CA5EDF1B2B6D9BB50012BC31 /* AnonymousNotesUITests.xctest */ = {isa = PBXFileReference; explicitFileType = wrapper.cfbundle; includeInIndex = 0; path = AnonymousNotesUITests.xctest; sourceTree = BUILT_PRODUCTS_DIR; };
		CA5EDF1F2B6D9BB50012BC31 /* AnonymousNotesUITests.swift */ = {isa = PBXFileReference; lastKnownFileType = sourcecode.swift; path = AnonymousNotesUITests.swift; sourceTree = "<group>"; };
		CA5EDF212B6D9BB50012BC31 /* AnonymousNotesUITestsLaunchTests.swift */ = {isa = PBXFileReference; lastKnownFileType = sourcecode.swift; path = AnonymousNotesUITestsLaunchTests.swift; sourceTree = "<group>"; };
		CA5EDF302B6F028D0012BC31 /* Button.swift */ = {isa = PBXFileReference; lastKnownFileType = sourcecode.swift; path = Button.swift; sourceTree = "<group>"; };
		CA5EDF332B6F05D10012BC31 /* ClashDisplay-Medium.otf */ = {isa = PBXFileReference; lastKnownFileType = file; path = "ClashDisplay-Medium.otf"; sourceTree = "<group>"; };
		CA5EDF342B6F05D10012BC31 /* ClashDisplay-Regular.otf */ = {isa = PBXFileReference; lastKnownFileType = file; path = "ClashDisplay-Regular.otf"; sourceTree = "<group>"; };
		CA5EDF352B6F05D10012BC31 /* ClashDisplay-Semibold.otf */ = {isa = PBXFileReference; lastKnownFileType = file; path = "ClashDisplay-Semibold.otf"; sourceTree = "<group>"; };
		CA5EDF362B6F05D10012BC31 /* ClashDisplay-Bold.otf */ = {isa = PBXFileReference; lastKnownFileType = file; path = "ClashDisplay-Bold.otf"; sourceTree = "<group>"; };
		CA5EDF372B6F05D10012BC31 /* ClashDisplay-Extralight.otf */ = {isa = PBXFileReference; lastKnownFileType = file; path = "ClashDisplay-Extralight.otf"; sourceTree = "<group>"; };
		CA5EDF382B6F05D20012BC31 /* ClashDisplay-Light.otf */ = {isa = PBXFileReference; lastKnownFileType = file; path = "ClashDisplay-Light.otf"; sourceTree = "<group>"; };
		CA5EDF402B6F06660012BC31 /* Info.plist */ = {isa = PBXFileReference; lastKnownFileType = text.plist; path = Info.plist; sourceTree = "<group>"; };
		CA5EDF412B6F09560012BC31 /* topSentence.swift */ = {isa = PBXFileReference; lastKnownFileType = sourcecode.swift; path = topSentence.swift; sourceTree = "<group>"; };
		CA5EDF432B6F0FB80012BC31 /* TypingText.swift */ = {isa = PBXFileReference; lastKnownFileType = sourcecode.swift; path = TypingText.swift; sourceTree = "<group>"; };
		CA5EDF452B6F1B260012BC31 /* postsView.swift */ = {isa = PBXFileReference; lastKnownFileType = sourcecode.swift; path = postsView.swift; sourceTree = "<group>"; };
		CA5EDF4A2B6FBDC90012BC31 /* Supabase.swift */ = {isa = PBXFileReference; lastKnownFileType = sourcecode.swift; path = Supabase.swift; sourceTree = "<group>"; };
/* End PBXFileReference section */

/* Begin PBXFrameworksBuildPhase section */
		CA5EDEFE2B6D9BB40012BC31 /* Frameworks */ = {
			isa = PBXFrameworksBuildPhase;
			buildActionMask = 2147483647;
			files = (
				CA5EDF512B6FBFB60012BC31 /* PostgREST in Frameworks */,
				CA5EDF4F2B6FBFB60012BC31 /* Functions in Frameworks */,
				CA5EDF572B6FBFB60012BC31 /* Supabase in Frameworks */,
				CA5EDF4D2B6FBFB60012BC31 /* Auth in Frameworks */,
				CA5EDF552B6FBFB60012BC31 /* Storage in Frameworks */,
				CA5EDF532B6FBFB60012BC31 /* Realtime in Frameworks */,
			);
			runOnlyForDeploymentPostprocessing = 0;
		};
		CA5EDF0E2B6D9BB50012BC31 /* Frameworks */ = {
			isa = PBXFrameworksBuildPhase;
			buildActionMask = 2147483647;
			files = (
			);
			runOnlyForDeploymentPostprocessing = 0;
		};
		CA5EDF182B6D9BB50012BC31 /* Frameworks */ = {
			isa = PBXFrameworksBuildPhase;
			buildActionMask = 2147483647;
			files = (
			);
			runOnlyForDeploymentPostprocessing = 0;
		};
/* End PBXFrameworksBuildPhase section */

/* Begin PBXGroup section */
		CA5EDEF82B6D9BB40012BC31 = {
			isa = PBXGroup;
			children = (
				CA5EDF3F2B6F05F10012BC31 /* fonts */,
				CA5EDF032B6D9BB40012BC31 /* AnonymousNotes */,
				CA5EDF142B6D9BB50012BC31 /* AnonymousNotesTests */,
				CA5EDF1E2B6D9BB50012BC31 /* AnonymousNotesUITests */,
				CA5EDF022B6D9BB40012BC31 /* Products */,
			);
			sourceTree = "<group>";
		};
		CA5EDF022B6D9BB40012BC31 /* Products */ = {
			isa = PBXGroup;
			children = (
				CA5EDF012B6D9BB40012BC31 /* AnonymousNotes.app */,
				CA5EDF112B6D9BB50012BC31 /* AnonymousNotesTests.xctest */,
				CA5EDF1B2B6D9BB50012BC31 /* AnonymousNotesUITests.xctest */,
			);
			name = Products;
			sourceTree = "<group>";
		};
		CA5EDF032B6D9BB40012BC31 /* AnonymousNotes */ = {
			isa = PBXGroup;
			children = (
				CA5EDF402B6F06660012BC31 /* Info.plist */,
				CA5EDF042B6D9BB40012BC31 /* AnonymousNotesApp.swift */,
				CA5EDF062B6D9BB40012BC31 /* ContentView.swift */,
				CA5EDF4A2B6FBDC90012BC31 /* Supabase.swift */,
				CA5EDF452B6F1B260012BC31 /* postsView.swift */,
				CA5EDF432B6F0FB80012BC31 /* TypingText.swift */,
				CA5EDF412B6F09560012BC31 /* topSentence.swift */,
				CA5EDF302B6F028D0012BC31 /* Button.swift */,
				CA5EDF082B6D9BB50012BC31 /* Assets.xcassets */,
				CA5EDF0A2B6D9BB50012BC31 /* Preview Content */,
			);
			path = AnonymousNotes;
			sourceTree = "<group>";
		};
		CA5EDF0A2B6D9BB50012BC31 /* Preview Content */ = {
			isa = PBXGroup;
			children = (
				CA5EDF0B2B6D9BB50012BC31 /* Preview Assets.xcassets */,
			);
			path = "Preview Content";
			sourceTree = "<group>";
		};
		CA5EDF142B6D9BB50012BC31 /* AnonymousNotesTests */ = {
			isa = PBXGroup;
			children = (
				CA5EDF152B6D9BB50012BC31 /* AnonymousNotesTests.swift */,
			);
			path = AnonymousNotesTests;
			sourceTree = "<group>";
		};
		CA5EDF1E2B6D9BB50012BC31 /* AnonymousNotesUITests */ = {
			isa = PBXGroup;
			children = (
				CA5EDF1F2B6D9BB50012BC31 /* AnonymousNotesUITests.swift */,
				CA5EDF212B6D9BB50012BC31 /* AnonymousNotesUITestsLaunchTests.swift */,
			);
			path = AnonymousNotesUITests;
			sourceTree = "<group>";
		};
		CA5EDF3F2B6F05F10012BC31 /* fonts */ = {
			isa = PBXGroup;
			children = (
				CA5EDF362B6F05D10012BC31 /* ClashDisplay-Bold.otf */,
				CA5EDF372B6F05D10012BC31 /* ClashDisplay-Extralight.otf */,
				CA5EDF382B6F05D20012BC31 /* ClashDisplay-Light.otf */,
				CA5EDF332B6F05D10012BC31 /* ClashDisplay-Medium.otf */,
				CA5EDF342B6F05D10012BC31 /* ClashDisplay-Regular.otf */,
				CA5EDF352B6F05D10012BC31 /* ClashDisplay-Semibold.otf */,
			);
			path = fonts;
			sourceTree = "<group>";
		};
/* End PBXGroup section */

/* Begin PBXNativeTarget section */
		CA5EDF002B6D9BB40012BC31 /* AnonymousNotes */ = {
			isa = PBXNativeTarget;
			buildConfigurationList = CA5EDF252B6D9BB50012BC31 /* Build configuration list for PBXNativeTarget "AnonymousNotes" */;
			buildPhases = (
				CA5EDEFD2B6D9BB40012BC31 /* Sources */,
				CA5EDEFE2B6D9BB40012BC31 /* Frameworks */,
				CA5EDEFF2B6D9BB40012BC31 /* Resources */,
			);
			buildRules = (
			);
			dependencies = (
			);
			name = AnonymousNotes;
			packageProductDependencies = (
				CA5EDF4C2B6FBFB60012BC31 /* Auth */,
				CA5EDF4E2B6FBFB60012BC31 /* Functions */,
				CA5EDF502B6FBFB60012BC31 /* PostgREST */,
				CA5EDF522B6FBFB60012BC31 /* Realtime */,
				CA5EDF542B6FBFB60012BC31 /* Storage */,
				CA5EDF562B6FBFB60012BC31 /* Supabase */,
			);
			productName = AnonymousNotes;
			productReference = CA5EDF012B6D9BB40012BC31 /* AnonymousNotes.app */;
			productType = "com.apple.product-type.application";
		};
		CA5EDF102B6D9BB50012BC31 /* AnonymousNotesTests */ = {
			isa = PBXNativeTarget;
			buildConfigurationList = CA5EDF282B6D9BB50012BC31 /* Build configuration list for PBXNativeTarget "AnonymousNotesTests" */;
			buildPhases = (
				CA5EDF0D2B6D9BB50012BC31 /* Sources */,
				CA5EDF0E2B6D9BB50012BC31 /* Frameworks */,
				CA5EDF0F2B6D9BB50012BC31 /* Resources */,
			);
			buildRules = (
			);
			dependencies = (
				CA5EDF132B6D9BB50012BC31 /* PBXTargetDependency */,
			);
			name = AnonymousNotesTests;
			productName = AnonymousNotesTests;
			productReference = CA5EDF112B6D9BB50012BC31 /* AnonymousNotesTests.xctest */;
			productType = "com.apple.product-type.bundle.unit-test";
		};
		CA5EDF1A2B6D9BB50012BC31 /* AnonymousNotesUITests */ = {
			isa = PBXNativeTarget;
			buildConfigurationList = CA5EDF2B2B6D9BB50012BC31 /* Build configuration list for PBXNativeTarget "AnonymousNotesUITests" */;
			buildPhases = (
				CA5EDF172B6D9BB50012BC31 /* Sources */,
				CA5EDF182B6D9BB50012BC31 /* Frameworks */,
				CA5EDF192B6D9BB50012BC31 /* Resources */,
			);
			buildRules = (
			);
			dependencies = (
				CA5EDF1D2B6D9BB50012BC31 /* PBXTargetDependency */,
			);
			name = AnonymousNotesUITests;
			productName = AnonymousNotesUITests;
			productReference = CA5EDF1B2B6D9BB50012BC31 /* AnonymousNotesUITests.xctest */;
			productType = "com.apple.product-type.bundle.ui-testing";
		};
/* End PBXNativeTarget section */

/* Begin PBXProject section */
		CA5EDEF92B6D9BB40012BC31 /* Project object */ = {
			isa = PBXProject;
			attributes = {
				BuildIndependentTargetsInParallel = 1;
				LastSwiftUpdateCheck = 1520;
				LastUpgradeCheck = 1520;
				TargetAttributes = {
					CA5EDF002B6D9BB40012BC31 = {
						CreatedOnToolsVersion = 15.2;
					};
					CA5EDF102B6D9BB50012BC31 = {
						CreatedOnToolsVersion = 15.2;
						TestTargetID = CA5EDF002B6D9BB40012BC31;
					};
					CA5EDF1A2B6D9BB50012BC31 = {
						CreatedOnToolsVersion = 15.2;
						TestTargetID = CA5EDF002B6D9BB40012BC31;
					};
				};
			};
			buildConfigurationList = CA5EDEFC2B6D9BB40012BC31 /* Build configuration list for PBXProject "AnonymousNotes" */;
			compatibilityVersion = "Xcode 14.0";
			developmentRegion = en;
			hasScannedForEncodings = 0;
			knownRegions = (
				en,
				Base,
			);
			mainGroup = CA5EDEF82B6D9BB40012BC31;
			packageReferences = (
				CA5EDF492B6FBD840012BC31 /* XCRemoteSwiftPackageReference "supabase-swift" */,
			);
			productRefGroup = CA5EDF022B6D9BB40012BC31 /* Products */;
			projectDirPath = "";
			projectRoot = "";
			targets = (
				CA5EDF002B6D9BB40012BC31 /* AnonymousNotes */,
				CA5EDF102B6D9BB50012BC31 /* AnonymousNotesTests */,
				CA5EDF1A2B6D9BB50012BC31 /* AnonymousNotesUITests */,
			);
		};
/* End PBXProject section */

/* Begin PBXResourcesBuildPhase section */
		CA5EDEFF2B6D9BB40012BC31 /* Resources */ = {
			isa = PBXResourcesBuildPhase;
			buildActionMask = 2147483647;
			files = (
				CA5EDF0C2B6D9BB50012BC31 /* Preview Assets.xcassets in Resources */,
				CA5EDF392B6F05D20012BC31 /* ClashDisplay-Medium.otf in Resources */,
				CA5EDF3B2B6F05D20012BC31 /* ClashDisplay-Semibold.otf in Resources */,
				CA5EDF3E2B6F05D20012BC31 /* ClashDisplay-Light.otf in Resources */,
				CA5EDF092B6D9BB50012BC31 /* Assets.xcassets in Resources */,
				CA5EDF3A2B6F05D20012BC31 /* ClashDisplay-Regular.otf in Resources */,
				CA5EDF3C2B6F05D20012BC31 /* ClashDisplay-Bold.otf in Resources */,
				CA5EDF3D2B6F05D20012BC31 /* ClashDisplay-Extralight.otf in Resources */,
			);
			runOnlyForDeploymentPostprocessing = 0;
		};
		CA5EDF0F2B6D9BB50012BC31 /* Resources */ = {
			isa = PBXResourcesBuildPhase;
			buildActionMask = 2147483647;
			files = (
			);
			runOnlyForDeploymentPostprocessing = 0;
		};
		CA5EDF192B6D9BB50012BC31 /* Resources */ = {
			isa = PBXResourcesBuildPhase;
			buildActionMask = 2147483647;
			files = (
			);
			runOnlyForDeploymentPostprocessing = 0;
		};
/* End PBXResourcesBuildPhase section */

/* Begin PBXSourcesBuildPhase section */
		CA5EDEFD2B6D9BB40012BC31 /* Sources */ = {
			isa = PBXSourcesBuildPhase;
			buildActionMask = 2147483647;
			files = (
				CA5EDF4B2B6FBDC90012BC31 /* Supabase.swift in Sources */,
				CA5EDF422B6F09560012BC31 /* topSentence.swift in Sources */,
				CA5EDF072B6D9BB40012BC31 /* ContentView.swift in Sources */,
				CA5EDF462B6F1B270012BC31 /* postsView.swift in Sources */,
				CA5EDF312B6F028D0012BC31 /* Button.swift in Sources */,
				CA5EDF052B6D9BB40012BC31 /* AnonymousNotesApp.swift in Sources */,
				CA5EDF442B6F0FB80012BC31 /* TypingText.swift in Sources */,
			);
			runOnlyForDeploymentPostprocessing = 0;
		};
		CA5EDF0D2B6D9BB50012BC31 /* Sources */ = {
			isa = PBXSourcesBuildPhase;
			buildActionMask = 2147483647;
			files = (
				CA5EDF162B6D9BB50012BC31 /* AnonymousNotesTests.swift in Sources */,
			);
			runOnlyForDeploymentPostprocessing = 0;
		};
		CA5EDF172B6D9BB50012BC31 /* Sources */ = {
			isa = PBXSourcesBuildPhase;
			buildActionMask = 2147483647;
			files = (
				CA5EDF222B6D9BB50012BC31 /* AnonymousNotesUITestsLaunchTests.swift in Sources */,
				CA5EDF202B6D9BB50012BC31 /* AnonymousNotesUITests.swift in Sources */,
			);
			runOnlyForDeploymentPostprocessing = 0;
		};
/* End PBXSourcesBuildPhase section */

/* Begin PBXTargetDependency section */
		CA5EDF132B6D9BB50012BC31 /* PBXTargetDependency */ = {
			isa = PBXTargetDependency;
			target = CA5EDF002B6D9BB40012BC31 /* AnonymousNotes */;
			targetProxy = CA5EDF122B6D9BB50012BC31 /* PBXContainerItemProxy */;
		};
		CA5EDF1D2B6D9BB50012BC31 /* PBXTargetDependency */ = {
			isa = PBXTargetDependency;
			target = CA5EDF002B6D9BB40012BC31 /* AnonymousNotes */;
			targetProxy = CA5EDF1C2B6D9BB50012BC31 /* PBXContainerItemProxy */;
		};
/* End PBXTargetDependency section */

/* Begin XCBuildConfiguration section */
		CA5EDF232B6D9BB50012BC31 /* Debug */ = {
			isa = XCBuildConfiguration;
			buildSettings = {
				ALWAYS_SEARCH_USER_PATHS = NO;
				ASSETCATALOG_COMPILER_GENERATE_SWIFT_ASSET_SYMBOL_EXTENSIONS = YES;
				CLANG_ANALYZER_NONNULL = YES;
				CLANG_ANALYZER_NUMBER_OBJECT_CONVERSION = YES_AGGRESSIVE;
				CLANG_CXX_LANGUAGE_STANDARD = "gnu++20";
				CLANG_ENABLE_MODULES = YES;
				CLANG_ENABLE_OBJC_ARC = YES;
				CLANG_ENABLE_OBJC_WEAK = YES;
				CLANG_WARN_BLOCK_CAPTURE_AUTORELEASING = YES;
				CLANG_WARN_BOOL_CONVERSION = YES;
				CLANG_WARN_COMMA = YES;
				CLANG_WARN_CONSTANT_CONVERSION = YES;
				CLANG_WARN_DEPRECATED_OBJC_IMPLEMENTATIONS = YES;
				CLANG_WARN_DIRECT_OBJC_ISA_USAGE = YES_ERROR;
				CLANG_WARN_DOCUMENTATION_COMMENTS = YES;
				CLANG_WARN_EMPTY_BODY = YES;
				CLANG_WARN_ENUM_CONVERSION = YES;
				CLANG_WARN_INFINITE_RECURSION = YES;
				CLANG_WARN_INT_CONVERSION = YES;
				CLANG_WARN_NON_LITERAL_NULL_CONVERSION = YES;
				CLANG_WARN_OBJC_IMPLICIT_RETAIN_SELF = YES;
				CLANG_WARN_OBJC_LITERAL_CONVERSION = YES;
				CLANG_WARN_OBJC_ROOT_CLASS = YES_ERROR;
				CLANG_WARN_QUOTED_INCLUDE_IN_FRAMEWORK_HEADER = YES;
				CLANG_WARN_RANGE_LOOP_ANALYSIS = YES;
				CLANG_WARN_STRICT_PROTOTYPES = YES;
				CLANG_WARN_SUSPICIOUS_MOVE = YES;
				CLANG_WARN_UNGUARDED_AVAILABILITY = YES_AGGRESSIVE;
				CLANG_WARN_UNREACHABLE_CODE = YES;
				CLANG_WARN__DUPLICATE_METHOD_MATCH = YES;
				COPY_PHASE_STRIP = NO;
				DEBUG_INFORMATION_FORMAT = dwarf;
				ENABLE_STRICT_OBJC_MSGSEND = YES;
				ENABLE_TESTABILITY = YES;
				ENABLE_USER_SCRIPT_SANDBOXING = YES;
				GCC_C_LANGUAGE_STANDARD = gnu17;
				GCC_DYNAMIC_NO_PIC = NO;
				GCC_NO_COMMON_BLOCKS = YES;
				GCC_OPTIMIZATION_LEVEL = 0;
				GCC_PREPROCESSOR_DEFINITIONS = (
					"DEBUG=1",
					"$(inherited)",
				);
				GCC_WARN_64_TO_32_BIT_CONVERSION = YES;
				GCC_WARN_ABOUT_RETURN_TYPE = YES_ERROR;
				GCC_WARN_UNDECLARED_SELECTOR = YES;
				GCC_WARN_UNINITIALIZED_AUTOS = YES_AGGRESSIVE;
				GCC_WARN_UNUSED_FUNCTION = YES;
				GCC_WARN_UNUSED_VARIABLE = YES;
				IPHONEOS_DEPLOYMENT_TARGET = 17.2;
				LOCALIZATION_PREFERS_STRING_CATALOGS = YES;
				MTL_ENABLE_DEBUG_INFO = INCLUDE_SOURCE;
				MTL_FAST_MATH = YES;
				ONLY_ACTIVE_ARCH = YES;
				SDKROOT = iphoneos;
				SWIFT_ACTIVE_COMPILATION_CONDITIONS = "DEBUG $(inherited)";
				SWIFT_OPTIMIZATION_LEVEL = "-Onone";
			};
			name = Debug;
		};
		CA5EDF242B6D9BB50012BC31 /* Release */ = {
			isa = XCBuildConfiguration;
			buildSettings = {
				ALWAYS_SEARCH_USER_PATHS = NO;
				ASSETCATALOG_COMPILER_GENERATE_SWIFT_ASSET_SYMBOL_EXTENSIONS = YES;
				CLANG_ANALYZER_NONNULL = YES;
				CLANG_ANALYZER_NUMBER_OBJECT_CONVERSION = YES_AGGRESSIVE;
				CLANG_CXX_LANGUAGE_STANDARD = "gnu++20";
				CLANG_ENABLE_MODULES = YES;
				CLANG_ENABLE_OBJC_ARC = YES;
				CLANG_ENABLE_OBJC_WEAK = YES;
				CLANG_WARN_BLOCK_CAPTURE_AUTORELEASING = YES;
				CLANG_WARN_BOOL_CONVERSION = YES;
				CLANG_WARN_COMMA = YES;
				CLANG_WARN_CONSTANT_CONVERSION = YES;
				CLANG_WARN_DEPRECATED_OBJC_IMPLEMENTATIONS = YES;
				CLANG_WARN_DIRECT_OBJC_ISA_USAGE = YES_ERROR;
				CLANG_WARN_DOCUMENTATION_COMMENTS = YES;
				CLANG_WARN_EMPTY_BODY = YES;
				CLANG_WARN_ENUM_CONVERSION = YES;
				CLANG_WARN_INFINITE_RECURSION = YES;
				CLANG_WARN_INT_CONVERSION = YES;
				CLANG_WARN_NON_LITERAL_NULL_CONVERSION = YES;
				CLANG_WARN_OBJC_IMPLICIT_RETAIN_SELF = YES;
				CLANG_WARN_OBJC_LITERAL_CONVERSION = YES;
				CLANG_WARN_OBJC_ROOT_CLASS = YES_ERROR;
				CLANG_WARN_QUOTED_INCLUDE_IN_FRAMEWORK_HEADER = YES;
				CLANG_WARN_RANGE_LOOP_ANALYSIS = YES;
				CLANG_WARN_STRICT_PROTOTYPES = YES;
				CLANG_WARN_SUSPICIOUS_MOVE = YES;
				CLANG_WARN_UNGUARDED_AVAILABILITY = YES_AGGRESSIVE;
				CLANG_WARN_UNREACHABLE_CODE = YES;
				CLANG_WARN__DUPLICATE_METHOD_MATCH = YES;
				COPY_PHASE_STRIP = NO;
				DEBUG_INFORMATION_FORMAT = "dwarf-with-dsym";
				ENABLE_NS_ASSERTIONS = NO;
				ENABLE_STRICT_OBJC_MSGSEND = YES;
				ENABLE_USER_SCRIPT_SANDBOXING = YES;
				GCC_C_LANGUAGE_STANDARD = gnu17;
				GCC_NO_COMMON_BLOCKS = YES;
				GCC_WARN_64_TO_32_BIT_CONVERSION = YES;
				GCC_WARN_ABOUT_RETURN_TYPE = YES_ERROR;
				GCC_WARN_UNDECLARED_SELECTOR = YES;
				GCC_WARN_UNINITIALIZED_AUTOS = YES_AGGRESSIVE;
				GCC_WARN_UNUSED_FUNCTION = YES;
				GCC_WARN_UNUSED_VARIABLE = YES;
				IPHONEOS_DEPLOYMENT_TARGET = 17.2;
				LOCALIZATION_PREFERS_STRING_CATALOGS = YES;
				MTL_ENABLE_DEBUG_INFO = NO;
				MTL_FAST_MATH = YES;
				SDKROOT = iphoneos;
				SWIFT_COMPILATION_MODE = wholemodule;
				VALIDATE_PRODUCT = YES;
			};
			name = Release;
		};
		CA5EDF262B6D9BB50012BC31 /* Debug */ = {
			isa = XCBuildConfiguration;
			buildSettings = {
				ASSETCATALOG_COMPILER_APPICON_NAME = AppIcon;
				ASSETCATALOG_COMPILER_GLOBAL_ACCENT_COLOR_NAME = AccentColor;
				CODE_SIGN_STYLE = Automatic;
				CURRENT_PROJECT_VERSION = 1;
				DEVELOPMENT_ASSET_PATHS = "\"AnonymousNotes/Preview Content\"";
				DEVELOPMENT_TEAM = 2DZ734RVJD;
				ENABLE_PREVIEWS = YES;
				GENERATE_INFOPLIST_FILE = YES;
				INFOPLIST_FILE = AnonymousNotes/Info.plist;
				INFOPLIST_KEY_UIApplicationSceneManifest_Generation = YES;
				INFOPLIST_KEY_UIApplicationSupportsIndirectInputEvents = YES;
				INFOPLIST_KEY_UILaunchScreen_Generation = YES;
				INFOPLIST_KEY_UISupportedInterfaceOrientations_iPad = "UIInterfaceOrientationPortrait UIInterfaceOrientationPortraitUpsideDown UIInterfaceOrientationLandscapeLeft UIInterfaceOrientationLandscapeRight";
				INFOPLIST_KEY_UISupportedInterfaceOrientations_iPhone = "UIInterfaceOrientationPortrait UIInterfaceOrientationLandscapeLeft UIInterfaceOrientationLandscapeRight";
				LD_RUNPATH_SEARCH_PATHS = (
					"$(inherited)",
					"@executable_path/Frameworks",
				);
				MARKETING_VERSION = 1.0;
				PRODUCT_BUNDLE_IDENTIFIER = com.georgeturp.AnonymousNotes;
				PRODUCT_NAME = "$(TARGET_NAME)";
				SWIFT_EMIT_LOC_STRINGS = YES;
				SWIFT_VERSION = 5.0;
				TARGETED_DEVICE_FAMILY = "1,2";
			};
			name = Debug;
		};
		CA5EDF272B6D9BB50012BC31 /* Release */ = {
			isa = XCBuildConfiguration;
			buildSettings = {
				ASSETCATALOG_COMPILER_APPICON_NAME = AppIcon;
				ASSETCATALOG_COMPILER_GLOBAL_ACCENT_COLOR_NAME = AccentColor;
				CODE_SIGN_STYLE = Automatic;
				CURRENT_PROJECT_VERSION = 1;
				DEVELOPMENT_ASSET_PATHS = "\"AnonymousNotes/Preview Content\"";
				DEVELOPMENT_TEAM = 2DZ734RVJD;
				ENABLE_PREVIEWS = YES;
				GENERATE_INFOPLIST_FILE = YES;
				INFOPLIST_FILE = AnonymousNotes/Info.plist;
				INFOPLIST_KEY_UIApplicationSceneManifest_Generation = YES;
				INFOPLIST_KEY_UIApplicationSupportsIndirectInputEvents = YES;
				INFOPLIST_KEY_UILaunchScreen_Generation = YES;
				INFOPLIST_KEY_UISupportedInterfaceOrientations_iPad = "UIInterfaceOrientationPortrait UIInterfaceOrientationPortraitUpsideDown UIInterfaceOrientationLandscapeLeft UIInterfaceOrientationLandscapeRight";
				INFOPLIST_KEY_UISupportedInterfaceOrientations_iPhone = "UIInterfaceOrientationPortrait UIInterfaceOrientationLandscapeLeft UIInterfaceOrientationLandscapeRight";
				LD_RUNPATH_SEARCH_PATHS = (
					"$(inherited)",
					"@executable_path/Frameworks",
				);
				MARKETING_VERSION = 1.0;
				PRODUCT_BUNDLE_IDENTIFIER = com.georgeturp.AnonymousNotes;
				PRODUCT_NAME = "$(TARGET_NAME)";
				SWIFT_EMIT_LOC_STRINGS = YES;
				SWIFT_VERSION = 5.0;
				TARGETED_DEVICE_FAMILY = "1,2";
			};
			name = Release;
		};
		CA5EDF292B6D9BB50012BC31 /* Debug */ = {
			isa = XCBuildConfiguration;
			buildSettings = {
				ALWAYS_EMBED_SWIFT_STANDARD_LIBRARIES = YES;
				BUNDLE_LOADER = "$(TEST_HOST)";
				CODE_SIGN_STYLE = Automatic;
				CURRENT_PROJECT_VERSION = 1;
				DEVELOPMENT_TEAM = 2DZ734RVJD;
				GENERATE_INFOPLIST_FILE = YES;
				IPHONEOS_DEPLOYMENT_TARGET = 17.2;
				MARKETING_VERSION = 1.0;
				PRODUCT_BUNDLE_IDENTIFIER = com.georgeturp.AnonymousNotesTests;
				PRODUCT_NAME = "$(TARGET_NAME)";
				SWIFT_EMIT_LOC_STRINGS = NO;
				SWIFT_VERSION = 5.0;
				TARGETED_DEVICE_FAMILY = "1,2";
				TEST_HOST = "$(BUILT_PRODUCTS_DIR)/AnonymousNotes.app/$(BUNDLE_EXECUTABLE_FOLDER_PATH)/AnonymousNotes";
			};
			name = Debug;
		};
		CA5EDF2A2B6D9BB50012BC31 /* Release */ = {
			isa = XCBuildConfiguration;
			buildSettings = {
				ALWAYS_EMBED_SWIFT_STANDARD_LIBRARIES = YES;
				BUNDLE_LOADER = "$(TEST_HOST)";
				CODE_SIGN_STYLE = Automatic;
				CURRENT_PROJECT_VERSION = 1;
				DEVELOPMENT_TEAM = 2DZ734RVJD;
				GENERATE_INFOPLIST_FILE = YES;
				IPHONEOS_DEPLOYMENT_TARGET = 17.2;
				MARKETING_VERSION = 1.0;
				PRODUCT_BUNDLE_IDENTIFIER = com.georgeturp.AnonymousNotesTests;
				PRODUCT_NAME = "$(TARGET_NAME)";
				SWIFT_EMIT_LOC_STRINGS = NO;
				SWIFT_VERSION = 5.0;
				TARGETED_DEVICE_FAMILY = "1,2";
				TEST_HOST = "$(BUILT_PRODUCTS_DIR)/AnonymousNotes.app/$(BUNDLE_EXECUTABLE_FOLDER_PATH)/AnonymousNotes";
			};
			name = Release;
		};
		CA5EDF2C2B6D9BB50012BC31 /* Debug */ = {
			isa = XCBuildConfiguration;
			buildSettings = {
				ALWAYS_EMBED_SWIFT_STANDARD_LIBRARIES = YES;
				CODE_SIGN_STYLE = Automatic;
				CURRENT_PROJECT_VERSION = 1;
				DEVELOPMENT_TEAM = 2DZ734RVJD;
				GENERATE_INFOPLIST_FILE = YES;
				MARKETING_VERSION = 1.0;
				PRODUCT_BUNDLE_IDENTIFIER = com.georgeturp.AnonymousNotesUITests;
				PRODUCT_NAME = "$(TARGET_NAME)";
				SWIFT_EMIT_LOC_STRINGS = NO;
				SWIFT_VERSION = 5.0;
				TARGETED_DEVICE_FAMILY = "1,2";
				TEST_TARGET_NAME = AnonymousNotes;
			};
			name = Debug;
		};
		CA5EDF2D2B6D9BB50012BC31 /* Release */ = {
			isa = XCBuildConfiguration;
			buildSettings = {
				ALWAYS_EMBED_SWIFT_STANDARD_LIBRARIES = YES;
				CODE_SIGN_STYLE = Automatic;
				CURRENT_PROJECT_VERSION = 1;
				DEVELOPMENT_TEAM = 2DZ734RVJD;
				GENERATE_INFOPLIST_FILE = YES;
				MARKETING_VERSION = 1.0;
				PRODUCT_BUNDLE_IDENTIFIER = com.georgeturp.AnonymousNotesUITests;
				PRODUCT_NAME = "$(TARGET_NAME)";
				SWIFT_EMIT_LOC_STRINGS = NO;
				SWIFT_VERSION = 5.0;
				TARGETED_DEVICE_FAMILY = "1,2";
				TEST_TARGET_NAME = AnonymousNotes;
			};
			name = Release;
		};
/* End XCBuildConfiguration section */

/* Begin XCConfigurationList section */
		CA5EDEFC2B6D9BB40012BC31 /* Build configuration list for PBXProject "AnonymousNotes" */ = {
			isa = XCConfigurationList;
			buildConfigurations = (
				CA5EDF232B6D9BB50012BC31 /* Debug */,
				CA5EDF242B6D9BB50012BC31 /* Release */,
			);
			defaultConfigurationIsVisible = 0;
			defaultConfigurationName = Release;
		};
		CA5EDF252B6D9BB50012BC31 /* Build configuration list for PBXNativeTarget "AnonymousNotes" */ = {
			isa = XCConfigurationList;
			buildConfigurations = (
				CA5EDF262B6D9BB50012BC31 /* Debug */,
				CA5EDF272B6D9BB50012BC31 /* Release */,
			);
			defaultConfigurationIsVisible = 0;
			defaultConfigurationName = Release;
		};
		CA5EDF282B6D9BB50012BC31 /* Build configuration list for PBXNativeTarget "AnonymousNotesTests" */ = {
			isa = XCConfigurationList;
			buildConfigurations = (
				CA5EDF292B6D9BB50012BC31 /* Debug */,
				CA5EDF2A2B6D9BB50012BC31 /* Release */,
			);
			defaultConfigurationIsVisible = 0;
			defaultConfigurationName = Release;
		};
		CA5EDF2B2B6D9BB50012BC31 /* Build configuration list for PBXNativeTarget "AnonymousNotesUITests" */ = {
			isa = XCConfigurationList;
			buildConfigurations = (
				CA5EDF2C2B6D9BB50012BC31 /* Debug */,
				CA5EDF2D2B6D9BB50012BC31 /* Release */,
			);
			defaultConfigurationIsVisible = 0;
			defaultConfigurationName = Release;
		};
/* End XCConfigurationList section */

/* Begin XCRemoteSwiftPackageReference section */
		CA5EDF492B6FBD840012BC31 /* XCRemoteSwiftPackageReference "supabase-swift" */ = {
			isa = XCRemoteSwiftPackageReference;
			repositoryURL = "https://github.com/supabase-community/supabase-swift";
			requirement = {
				kind = upToNextMajorVersion;
				minimumVersion = 2.3.1;
			};
		};
/* End XCRemoteSwiftPackageReference section */

/* Begin XCSwiftPackageProductDependency section */
		CA5EDF4C2B6FBFB60012BC31 /* Auth */ = {
			isa = XCSwiftPackageProductDependency;
			package = CA5EDF492B6FBD840012BC31 /* XCRemoteSwiftPackageReference "supabase-swift" */;
			productName = Auth;
		};
		CA5EDF4E2B6FBFB60012BC31 /* Functions */ = {
			isa = XCSwiftPackageProductDependency;
			package = CA5EDF492B6FBD840012BC31 /* XCRemoteSwiftPackageReference "supabase-swift" */;
			productName = Functions;
		};
		CA5EDF502B6FBFB60012BC31 /* PostgREST */ = {
			isa = XCSwiftPackageProductDependency;
			package = CA5EDF492B6FBD840012BC31 /* XCRemoteSwiftPackageReference "supabase-swift" */;
			productName = PostgREST;
		};
		CA5EDF522B6FBFB60012BC31 /* Realtime */ = {
			isa = XCSwiftPackageProductDependency;
			package = CA5EDF492B6FBD840012BC31 /* XCRemoteSwiftPackageReference "supabase-swift" */;
			productName = Realtime;
		};
		CA5EDF542B6FBFB60012BC31 /* Storage */ = {
			isa = XCSwiftPackageProductDependency;
			package = CA5EDF492B6FBD840012BC31 /* XCRemoteSwiftPackageReference "supabase-swift" */;
			productName = Storage;
		};
		CA5EDF562B6FBFB60012BC31 /* Supabase */ = {
			isa = XCSwiftPackageProductDependency;
			package = CA5EDF492B6FBD840012BC31 /* XCRemoteSwiftPackageReference "supabase-swift" */;
			productName = Supabase;
		};
/* End XCSwiftPackageProductDependency section */
	};
	rootObject = CA5EDEF92B6D9BB40012BC31 /* Project object */;
}
